
Microsoft Visual Studio Solution File, Format Version 12.00
# Visual Studio Version 16
VisualStudioVersion = 16.0.30204.135
MinimumVisualStudioVersion = 10.0.40219.1
Project("{2150E333-8FDC-42A3-9474-1A3956D46DE8}") = "Api", "Api", "{2E10BFF9-791F-4ECE-972F-EC5F63C61C6A}"
EndProject
Project("{2150E333-8FDC-42A3-9474-1A3956D46DE8}") = "Application", "Application", "{1FB9F8F6-EAA8-497A-A538-4AED557DC532}"
EndProject
Project("{2150E333-8FDC-42A3-9474-1A3956D46DE8}") = "Domain", "Domain", "{2F461D2A-E144-415C-9A46-435538087EF8}"
EndProject
Project("{9A19103F-16F7-4668-BE54-9A1E7A4F7556}") = "Easy.Reports.Api", "src\Easy.Reports.Api\Easy.Reports.Api.csproj", "{01580A10-7B40-4E95-88EE-0B6E56C5F9F8}"
EndProject
Project("{9A19103F-16F7-4668-BE54-9A1E7A4F7556}") = "Easy.Reports.Application", "src\Easy.Reports.Application\Easy.Reports.Application.csproj", "{EF83AE5F-DA13-46ED-9D48-76A873B03F45}"
EndProject
Project("{9A19103F-16F7-4668-BE54-9A1E7A4F7556}") = "Easy.Reports.Domain", "src\Easy.Reports.Domain\Easy.Reports.Domain.csproj", "{E16C010D-D106-4308-85E9-4EA3CE474FB6}"
EndProject
Project("{2150E333-8FDC-42A3-9474-1A3956D46DE8}") = "Infra", "Infra", "{9547DBBC-7C45-4C4F-B21E-AAD7BF8AA79D}"
EndProject
Project("{9A19103F-16F7-4668-BE54-9A1E7A4F7556}") = "Easy.Reports.Application.Tests", "tests\Easy.Reports.Application.Tests\Easy.Reports.Application.Tests.csproj", "{9D215C8C-A1BA-4787-AA31-930D4999B045}"
EndProject
Project("{9A19103F-16F7-4668-BE54-9A1E7A4F7556}") = "Easy.Reports.Domain.Tests", "tests\Easy.Reports.Domain.Tests\Easy.Reports.Domain.Tests.csproj", "{E3D40E59-4489-4DE2-9889-2F28602DC77B}"
EndProject
Project("{FAE04EC0-301F-11D3-BF4B-00C04F79EFBC}") = "Easy.Reports.Data", "src\Easy.Reports.Data\Easy.Reports.Data.csproj", "{7F282F23-18FC-4E0C-A0D4-05F8B0C30B21}"
EndProject
Project("{FAE04EC0-301F-11D3-BF4B-00C04F79EFBC}") = "Easy.Reports.Data.Tests", "tests\Easy.Reports.Data.Tests\Easy.Reports.Data.Tests.csproj", "{D5314114-3589-4932-98B9-D8DF47736AB0}"
EndProject
Global
	GlobalSection(SolutionConfigurationPlatforms) = preSolution
		Debug|Any CPU = Debug|Any CPU
		Release|Any CPU = Release|Any CPU
	EndGlobalSection
	GlobalSection(ProjectConfigurationPlatforms) = postSolution
		{01580A10-7B40-4E95-88EE-0B6E56C5F9F8}.Debug|Any CPU.ActiveCfg = Debug|Any CPU
		{01580A10-7B40-4E95-88EE-0B6E56C5F9F8}.Debug|Any CPU.Build.0 = Debug|Any CPU
		{01580A10-7B40-4E95-88EE-0B6E56C5F9F8}.Release|Any CPU.ActiveCfg = Release|Any CPU
		{01580A10-7B40-4E95-88EE-0B6E56C5F9F8}.Release|Any CPU.Build.0 = Release|Any CPU
		{EF83AE5F-DA13-46ED-9D48-76A873B03F45}.Debug|Any CPU.ActiveCfg = Debug|Any CPU
		{EF83AE5F-DA13-46ED-9D48-76A873B03F45}.Debug|Any CPU.Build.0 = Debug|Any CPU
		{EF83AE5F-DA13-46ED-9D48-76A873B03F45}.Release|Any CPU.ActiveCfg = Release|Any CPU
		{EF83AE5F-DA13-46ED-9D48-76A873B03F45}.Release|Any CPU.Build.0 = Release|Any CPU
		{E16C010D-D106-4308-85E9-4EA3CE474FB6}.Debug|Any CPU.ActiveCfg = Debug|Any CPU
		{E16C010D-D106-4308-85E9-4EA3CE474FB6}.Debug|Any CPU.Build.0 = Debug|Any CPU
		{E16C010D-D106-4308-85E9-4EA3CE474FB6}.Release|Any CPU.ActiveCfg = Release|Any CPU
		{E16C010D-D106-4308-85E9-4EA3CE474FB6}.Release|Any CPU.Build.0 = Release|Any CPU
		{9D215C8C-A1BA-4787-AA31-930D4999B045}.Debug|Any CPU.ActiveCfg = Debug|Any CPU
		{9D215C8C-A1BA-4787-AA31-930D4999B045}.Debug|Any CPU.Build.0 = Debug|Any CPU
		{9D215C8C-A1BA-4787-AA31-930D4999B045}.Release|Any CPU.ActiveCfg = Release|Any CPU
		{9D215C8C-A1BA-4787-AA31-930D4999B045}.Release|Any CPU.Build.0 = Release|Any CPU
		{E3D40E59-4489-4DE2-9889-2F28602DC77B}.Debug|Any CPU.ActiveCfg = Debug|Any CPU
		{E3D40E59-4489-4DE2-9889-2F28602DC77B}.Debug|Any CPU.Build.0 = Debug|Any CPU
		{E3D40E59-4489-4DE2-9889-2F28602DC77B}.Release|Any CPU.ActiveCfg = Release|Any CPU
		{E3D40E59-4489-4DE2-9889-2F28602DC77B}.Release|Any CPU.Build.0 = Release|Any CPU
		{7F282F23-18FC-4E0C-A0D4-05F8B0C30B21}.Debug|Any CPU.ActiveCfg = Debug|Any CPU
		{7F282F23-18FC-4E0C-A0D4-05F8B0C30B21}.Debug|Any CPU.Build.0 = Debug|Any CPU
		{7F282F23-18FC-4E0C-A0D4-05F8B0C30B21}.Release|Any CPU.ActiveCfg = Release|Any CPU
		{7F282F23-18FC-4E0C-A0D4-05F8B0C30B21}.Release|Any CPU.Build.0 = Release|Any CPU
		{D5314114-3589-4932-98B9-D8DF47736AB0}.Debug|Any CPU.ActiveCfg = Debug|Any CPU
		{D5314114-3589-4932-98B9-D8DF47736AB0}.Debug|Any CPU.Build.0 = Debug|Any CPU
		{D5314114-3589-4932-98B9-D8DF47736AB0}.Release|Any CPU.ActiveCfg = Release|Any CPU
		{D5314114-3589-4932-98B9-D8DF47736AB0}.Release|Any CPU.Build.0 = Release|Any CPU
	EndGlobalSection
	GlobalSection(SolutionProperties) = preSolution
		HideSolutionNode = FALSE
	EndGlobalSection
	GlobalSection(NestedProjects) = preSolution
		{01580A10-7B40-4E95-88EE-0B6E56C5F9F8} = {2E10BFF9-791F-4ECE-972F-EC5F63C61C6A}
		{EF83AE5F-DA13-46ED-9D48-76A873B03F45} = {1FB9F8F6-EAA8-497A-A538-4AED557DC532}
		{E16C010D-D106-4308-85E9-4EA3CE474FB6} = {2F461D2A-E144-415C-9A46-435538087EF8}
		{9D215C8C-A1BA-4787-AA31-930D4999B045} = {1FB9F8F6-EAA8-497A-A538-4AED557DC532}
		{E3D40E59-4489-4DE2-9889-2F28602DC77B} = {2F461D2A-E144-415C-9A46-435538087EF8}
		{7F282F23-18FC-4E0C-A0D4-05F8B0C30B21} = {9547DBBC-7C45-4C4F-B21E-AAD7BF8AA79D}
		{D5314114-3589-4932-98B9-D8DF47736AB0} = {9547DBBC-7C45-4C4F-B21E-AAD7BF8AA79D}
	EndGlobalSection
	GlobalSection(ExtensibilityGlobals) = postSolution
		SolutionGuid = {A7213454-C562-4849-B5B0-49105A3E6684}
	EndGlobalSection
EndGlobal
