
Microsoft Visual Studio Solution File, Format Version 12.00
# Visual Studio Version 16
VisualStudioVersion = 16.0.30204.135
MinimumVisualStudioVersion = 10.0.40219.1
Project("{2150E333-8FDC-42A3-9474-1A3956D46DE8}") = "1 - Api", "1 - Api", "{2E10BFF9-791F-4ECE-972F-EC5F63C61C6A}"
EndProject
Project("{2150E333-8FDC-42A3-9474-1A3956D46DE8}") = "2 - Application", "2 - Application", "{1FB9F8F6-EAA8-497A-A538-4AED557DC532}"
EndProject
Project("{2150E333-8FDC-42A3-9474-1A3956D46DE8}") = "3 - Domain", "3 - Domain", "{2F461D2A-E144-415C-9A46-435538087EF8}"
EndProject
Project("{9A19103F-16F7-4668-BE54-9A1E7A4F7556}") = "Easy.Reports.Api", "src\Easy.Reports.Api\Easy.Reports.Api.csproj", "{01580A10-7B40-4E95-88EE-0B6E56C5F9F8}"
EndProject
Project("{9A19103F-16F7-4668-BE54-9A1E7A4F7556}") = "Easy.Reports.Application", "src\Easy.Reports.Application\Easy.Reports.Application.csproj", "{EF83AE5F-DA13-46ED-9D48-76A873B03F45}"
EndProject
Project("{9A19103F-16F7-4668-BE54-9A1E7A4F7556}") = "Easy.Reports.Domain", "src\Easy.Reports.Domain\Easy.Reports.Domain.csproj", "{E16C010D-D106-4308-85E9-4EA3CE474FB6}"
EndProject
Project("{2150E333-8FDC-42A3-9474-1A3956D46DE8}") = "4 - Infra", "4 - Infra", "{9547DBBC-7C45-4C4F-B21E-AAD7BF8AA79D}"
EndProject
Project("{9A19103F-16F7-4668-BE54-9A1E7A4F7556}") = "Easy.Reports.Application.Tests", "tests\Easy.Reports.Application.Tests\Easy.Reports.Application.Tests.csproj", "{9D215C8C-A1BA-4787-AA31-930D4999B045}"
EndProject
Project("{9A19103F-16F7-4668-BE54-9A1E7A4F7556}") = "Easy.Reports.Domain.Tests", "tests\Easy.Reports.Domain.Tests\Easy.Reports.Domain.Tests.csproj", "{E3D40E59-4489-4DE2-9889-2F28602DC77B}"
EndProject
Project("{9A19103F-16F7-4668-BE54-9A1E7A4F7556}") = "Easy.Reports.Infra.CrossCutting.IoC", "src\Easy.Reports.Infra.CrossCutting.IoC\Easy.Reports.Infra.CrossCutting.IoC.csproj", "{DD7A1AE4-D3B9-40F2-8A4E-74AEAF1793EB}"
EndProject
Project("{9A19103F-16F7-4668-BE54-9A1E7A4F7556}") = "Easy.Reports.Infra.Data", "src\Easy.Reports.Infra.Data\Easy.Reports.Infra.Data.csproj", "{EA5DE5DE-99DD-4922-9BB8-1125524B6E61}"
EndProject
Project("{9A19103F-16F7-4668-BE54-9A1E7A4F7556}") = "Easy.Reports.Infra.Data.Tests", "tests\Easy.Reports.Infra.Data.Tests\Easy.Reports.Infra.Data.Tests.csproj", "{8C7D521F-1E6A-4370-BAD5-150D245BC20E}"
EndProject
Project("{2150E333-8FDC-42A3-9474-1A3956D46DE8}") = "4.1 - Data", "4.1 - Data", "{C10D69EC-1B4C-4AA7-A910-8D487B6BE16F}"
EndProject
Project("{2150E333-8FDC-42A3-9474-1A3956D46DE8}") = "4.2 - CrossCutting", "4.2 - CrossCutting", "{20672972-05F1-42EC-B28C-D71B479DA449}"
EndProject
Project("{9A19103F-16F7-4668-BE54-9A1E7A4F7556}") = "Easy.Reports.Infra.CrossCutting.Log", "src\Easy.Reports.Infra.CrossCutting.Log\Easy.Reports.Infra.CrossCutting.Log.csproj", "{4417C790-A654-432A-BC56-4085E29E1D5A}"
EndProject
Global
	GlobalSection(SolutionConfigurationPlatforms) = preSolution
		Debug|Any CPU = Debug|Any CPU
		Release|Any CPU = Release|Any CPU
	EndGlobalSection
	GlobalSection(ProjectConfigurationPlatforms) = postSolution
		{01580A10-7B40-4E95-88EE-0B6E56C5F9F8}.Debug|Any CPU.ActiveCfg = Debug|Any CPU
		{01580A10-7B40-4E95-88EE-0B6E56C5F9F8}.Debug|Any CPU.Build.0 = Debug|Any CPU
		{01580A10-7B40-4E95-88EE-0B6E56C5F9F8}.Release|Any CPU.ActiveCfg = Release|Any CPU
		{01580A10-7B40-4E95-88EE-0B6E56C5F9F8}.Release|Any CPU.Build.0 = Release|Any CPU
		{EF83AE5F-DA13-46ED-9D48-76A873B03F45}.Debug|Any CPU.ActiveCfg = Debug|Any CPU
		{EF83AE5F-DA13-46ED-9D48-76A873B03F45}.Debug|Any CPU.Build.0 = Debug|Any CPU
		{EF83AE5F-DA13-46ED-9D48-76A873B03F45}.Release|Any CPU.ActiveCfg = Release|Any CPU
		{EF83AE5F-DA13-46ED-9D48-76A873B03F45}.Release|Any CPU.Build.0 = Release|Any CPU
		{E16C010D-D106-4308-85E9-4EA3CE474FB6}.Debug|Any CPU.ActiveCfg = Debug|Any CPU
		{E16C010D-D106-4308-85E9-4EA3CE474FB6}.Debug|Any CPU.Build.0 = Debug|Any CPU
		{E16C010D-D106-4308-85E9-4EA3CE474FB6}.Release|Any CPU.ActiveCfg = Release|Any CPU
		{E16C010D-D106-4308-85E9-4EA3CE474FB6}.Release|Any CPU.Build.0 = Release|Any CPU
		{9D215C8C-A1BA-4787-AA31-930D4999B045}.Debug|Any CPU.ActiveCfg = Debug|Any CPU
		{9D215C8C-A1BA-4787-AA31-930D4999B045}.Debug|Any CPU.Build.0 = Debug|Any CPU
		{9D215C8C-A1BA-4787-AA31-930D4999B045}.Release|Any CPU.ActiveCfg = Release|Any CPU
		{9D215C8C-A1BA-4787-AA31-930D4999B045}.Release|Any CPU.Build.0 = Release|Any CPU
		{E3D40E59-4489-4DE2-9889-2F28602DC77B}.Debug|Any CPU.ActiveCfg = Debug|Any CPU
		{E3D40E59-4489-4DE2-9889-2F28602DC77B}.Debug|Any CPU.Build.0 = Debug|Any CPU
		{E3D40E59-4489-4DE2-9889-2F28602DC77B}.Release|Any CPU.ActiveCfg = Release|Any CPU
		{E3D40E59-4489-4DE2-9889-2F28602DC77B}.Release|Any CPU.Build.0 = Release|Any CPU
		{DD7A1AE4-D3B9-40F2-8A4E-74AEAF1793EB}.Debug|Any CPU.ActiveCfg = Debug|Any CPU
		{DD7A1AE4-D3B9-40F2-8A4E-74AEAF1793EB}.Debug|Any CPU.Build.0 = Debug|Any CPU
		{DD7A1AE4-D3B9-40F2-8A4E-74AEAF1793EB}.Release|Any CPU.ActiveCfg = Release|Any CPU
		{DD7A1AE4-D3B9-40F2-8A4E-74AEAF1793EB}.Release|Any CPU.Build.0 = Release|Any CPU
		{EA5DE5DE-99DD-4922-9BB8-1125524B6E61}.Debug|Any CPU.ActiveCfg = Debug|Any CPU
		{EA5DE5DE-99DD-4922-9BB8-1125524B6E61}.Debug|Any CPU.Build.0 = Debug|Any CPU
		{EA5DE5DE-99DD-4922-9BB8-1125524B6E61}.Release|Any CPU.ActiveCfg = Release|Any CPU
		{EA5DE5DE-99DD-4922-9BB8-1125524B6E61}.Release|Any CPU.Build.0 = Release|Any CPU
		{8C7D521F-1E6A-4370-BAD5-150D245BC20E}.Debug|Any CPU.ActiveCfg = Debug|Any CPU
		{8C7D521F-1E6A-4370-BAD5-150D245BC20E}.Debug|Any CPU.Build.0 = Debug|Any CPU
		{8C7D521F-1E6A-4370-BAD5-150D245BC20E}.Release|Any CPU.ActiveCfg = Release|Any CPU
		{8C7D521F-1E6A-4370-BAD5-150D245BC20E}.Release|Any CPU.Build.0 = Release|Any CPU
		{4417C790-A654-432A-BC56-4085E29E1D5A}.Debug|Any CPU.ActiveCfg = Debug|Any CPU
		{4417C790-A654-432A-BC56-4085E29E1D5A}.Debug|Any CPU.Build.0 = Debug|Any CPU
		{4417C790-A654-432A-BC56-4085E29E1D5A}.Release|Any CPU.ActiveCfg = Release|Any CPU
		{4417C790-A654-432A-BC56-4085E29E1D5A}.Release|Any CPU.Build.0 = Release|Any CPU
	EndGlobalSection
	GlobalSection(SolutionProperties) = preSolution
		HideSolutionNode = FALSE
	EndGlobalSection
	GlobalSection(NestedProjects) = preSolution
		{01580A10-7B40-4E95-88EE-0B6E56C5F9F8} = {2E10BFF9-791F-4ECE-972F-EC5F63C61C6A}
		{EF83AE5F-DA13-46ED-9D48-76A873B03F45} = {1FB9F8F6-EAA8-497A-A538-4AED557DC532}
		{E16C010D-D106-4308-85E9-4EA3CE474FB6} = {2F461D2A-E144-415C-9A46-435538087EF8}
		{9D215C8C-A1BA-4787-AA31-930D4999B045} = {1FB9F8F6-EAA8-497A-A538-4AED557DC532}
		{E3D40E59-4489-4DE2-9889-2F28602DC77B} = {2F461D2A-E144-415C-9A46-435538087EF8}
		{DD7A1AE4-D3B9-40F2-8A4E-74AEAF1793EB} = {20672972-05F1-42EC-B28C-D71B479DA449}
		{EA5DE5DE-99DD-4922-9BB8-1125524B6E61} = {C10D69EC-1B4C-4AA7-A910-8D487B6BE16F}
		{8C7D521F-1E6A-4370-BAD5-150D245BC20E} = {C10D69EC-1B4C-4AA7-A910-8D487B6BE16F}
		{C10D69EC-1B4C-4AA7-A910-8D487B6BE16F} = {9547DBBC-7C45-4C4F-B21E-AAD7BF8AA79D}
		{20672972-05F1-42EC-B28C-D71B479DA449} = {9547DBBC-7C45-4C4F-B21E-AAD7BF8AA79D}
		{4417C790-A654-432A-BC56-4085E29E1D5A} = {20672972-05F1-42EC-B28C-D71B479DA449}
	EndGlobalSection
	GlobalSection(ExtensibilityGlobals) = postSolution
		SolutionGuid = {A7213454-C562-4849-B5B0-49105A3E6684}
	EndGlobalSection
EndGlobal
